{
    "_meta": {
        "hash": {
            "sha256": "b057087c42322e4beab6e764f2fbfbd418a359bda58ffae882ccd237d31ab932"
        },
        "pipfile-spec": 6,
        "requires": {
            "python_version": "3.13"
        },
        "sources": [
            {
                "name": "pypi",
                "url": "https://pypi.org/simple",
                "verify_ssl": true
            }
        ]
    },
    "default": {
        "asgiref": {
            "hashes": [
                "sha256:5f184dc43b7e763efe848065441eac62229c9f7b0475f41f80e207a114eda4ce",
                "sha256:e8667a091e69529631969fd45dc268fa79b99c92c5fcdda727757e52146ec133"
            ],
            "markers": "python_version >= '3.9'",
            "version": "==3.11.1"
        },
        "crispy-bootstrap5": {
            "hashes": [
                "sha256:e0fff85c0503e9aed610a0ee31368e2191d340657f813669491c288c1c2e2dfa",
                "sha256:e7f5adb36acfbb456444c46e82c436931c796c539e9c620be4fa9dc9c9d6679c"
            ],
            "index": "pypi",
            "markers": "python_version >= '3.9'",
            "version": "==2026.3"
        },
        "django": {
            "hashes": [
                "sha256:2e5974441491ddb34c3f13d5e7a9f97b07ba03bf70234c0a9c68b79bbb235bc3",
                "sha256:90be765ee756af8a6cbd6693e56452404b5ad15294f4d5e40c0a55a0f4870fe1"
            ],
            "index": "pypi",
            "markers": "python_version >= '3.12'",
            "version": "==6.0.3"
        },
        "django-crispy-forms": {
            "hashes": [
                "sha256:4921a1087c6cd4f9fa3c139654c1de1c1c385f8bd6729aaee530bc0121ab4b93",
                "sha256:8ee0ae28b6b0ac41ff48a65944480c049fe8d1b0047086874fd7efabf4ec1374"
            ],
            "index": "pypi",
            "markers": "python_version >= '3.10'",
            "version": "==2.6"
        },
        "sqlparse": {
            "hashes": [
                "sha256:12a08b3bf3eec877c519589833aed092e2444e68240a3577e8e26148acc7b1ba",
                "sha256:e20d4a9b0b8585fdf63b10d30066c7c94c5d7a7ec47c889a2d83a3caa93ff28e"
            ],
            "markers": "python_version >= '3.8'",
            "version": "==0.5.5"
        },
        "tzdata": {
            "hashes": [
                "sha256:06a47e5700f3081aab02b2e513160914ff0694bce9947d6b76ebd6bf57cfc5d1",
                "sha256:de39c2ca5dc7b0344f2eba86f49d614019d29f060fc4ebc8a417896a620b56a7"
            ],
            "markers": "python_version >= '2'",
            "version": "==2025.3"
        }
    },
    "develop": {}
}
